
Microsoft Visual Studio Solution File, Format Version 12.00
# Visual Studio Version 16
VisualStudioVersion = 16.0.30114.105
MinimumVisualStudioVersion = 10.0.40219.1
Project("{FAE04EC0-301F-11D3-BF4B-00C04F79EFBC}") = "API", "API\API.csproj", "{895076C3-3583-46C9-88D0-1D7FB4A6F7C1}"
EndProject
Project("{FAE04EC0-301F-11D3-BF4B-00C04F79EFBC}") = "Application", "Application\Application.csproj", "{EBAEB102-7CBD-4FAC-BEED-C800E3CABB98}"
EndProject
Project("{FAE04EC0-301F-11D3-BF4B-00C04F79EFBC}") = "Domain", "Domain\Domain.csproj", "{9D5A18C6-2B87-4D6E-ABD1-4A37318BFDBB}"
EndProject
Project("{FAE04EC0-301F-11D3-BF4B-00C04F79EFBC}") = "Persistence", "Persistence\Persistence.csproj", "{EC33B905-8398-4BF6-BF81-01FF3D836AD1}"
EndProject
Global
	GlobalSection(SolutionConfigurationPlatforms) = preSolution
		Debug|Any CPU = Debug|Any CPU
		Debug|x64 = Debug|x64
		Debug|x86 = Debug|x86
		Release|Any CPU = Release|Any CPU
		Release|x64 = Release|x64
		Release|x86 = Release|x86
	EndGlobalSection
	GlobalSection(SolutionProperties) = preSolution
		HideSolutionNode = FALSE
	EndGlobalSection
	GlobalSection(ProjectConfigurationPlatforms) = postSolution
		{895076C3-3583-46C9-88D0-1D7FB4A6F7C1}.Debug|Any CPU.ActiveCfg = Debug|Any CPU
		{895076C3-3583-46C9-88D0-1D7FB4A6F7C1}.Debug|Any CPU.Build.0 = Debug|Any CPU
		{895076C3-3583-46C9-88D0-1D7FB4A6F7C1}.Debug|x64.ActiveCfg = Debug|Any CPU
		{895076C3-3583-46C9-88D0-1D7FB4A6F7C1}.Debug|x64.Build.0 = Debug|Any CPU
		{895076C3-3583-46C9-88D0-1D7FB4A6F7C1}.Debug|x86.ActiveCfg = Debug|Any CPU
		{895076C3-3583-46C9-88D0-1D7FB4A6F7C1}.Debug|x86.Build.0 = Debug|Any CPU
		{895076C3-3583-46C9-88D0-1D7FB4A6F7C1}.Release|Any CPU.ActiveCfg = Release|Any CPU
		{895076C3-3583-46C9-88D0-1D7FB4A6F7C1}.Release|Any CPU.Build.0 = Release|Any CPU
		{895076C3-3583-46C9-88D0-1D7FB4A6F7C1}.Release|x64.ActiveCfg = Release|Any CPU
		{895076C3-3583-46C9-88D0-1D7FB4A6F7C1}.Release|x64.Build.0 = Release|Any CPU
		{895076C3-3583-46C9-88D0-1D7FB4A6F7C1}.Release|x86.ActiveCfg = Release|Any CPU
		{895076C3-3583-46C9-88D0-1D7FB4A6F7C1}.Release|x86.Build.0 = Release|Any CPU
		{EBAEB102-7CBD-4FAC-BEED-C800E3CABB98}.Debug|Any CPU.ActiveCfg = Debug|Any CPU
		{EBAEB102-7CBD-4FAC-BEED-C800E3CABB98}.Debug|Any CPU.Build.0 = Debug|Any CPU
		{EBAEB102-7CBD-4FAC-BEED-C800E3CABB98}.Debug|x64.ActiveCfg = Debug|Any CPU
		{EBAEB102-7CBD-4FAC-BEED-C800E3CABB98}.Debug|x64.Build.0 = Debug|Any CPU
		{EBAEB102-7CBD-4FAC-BEED-C800E3CABB98}.Debug|x86.ActiveCfg = Debug|Any CPU
		{EBAEB102-7CBD-4FAC-BEED-C800E3CABB98}.Debug|x86.Build.0 = Debug|Any CPU
		{EBAEB102-7CBD-4FAC-BEED-C800E3CABB98}.Release|Any CPU.ActiveCfg = Release|Any CPU
		{EBAEB102-7CBD-4FAC-BEED-C800E3CABB98}.Release|Any CPU.Build.0 = Release|Any CPU
		{EBAEB102-7CBD-4FAC-BEED-C800E3CABB98}.Release|x64.ActiveCfg = Release|Any CPU
		{EBAEB102-7CBD-4FAC-BEED-C800E3CABB98}.Release|x64.Build.0 = Release|Any CPU
		{EBAEB102-7CBD-4FAC-BEED-C800E3CABB98}.Release|x86.ActiveCfg = Release|Any CPU
		{EBAEB102-7CBD-4FAC-BEED-C800E3CABB98}.Release|x86.Build.0 = Release|Any CPU
		{9D5A18C6-2B87-4D6E-ABD1-4A37318BFDBB}.Debug|Any CPU.ActiveCfg = Debug|Any CPU
		{9D5A18C6-2B87-4D6E-ABD1-4A37318BFDBB}.Debug|Any CPU.Build.0 = Debug|Any CPU
		{9D5A18C6-2B87-4D6E-ABD1-4A37318BFDBB}.Debug|x64.ActiveCfg = Debug|Any CPU
		{9D5A18C6-2B87-4D6E-ABD1-4A37318BFDBB}.Debug|x64.Build.0 = Debug|Any CPU
		{9D5A18C6-2B87-4D6E-ABD1-4A37318BFDBB}.Debug|x86.ActiveCfg = Debug|Any CPU
		{9D5A18C6-2B87-4D6E-ABD1-4A37318BFDBB}.Debug|x86.Build.0 = Debug|Any CPU
		{9D5A18C6-2B87-4D6E-ABD1-4A37318BFDBB}.Release|Any CPU.ActiveCfg = Release|Any CPU
		{9D5A18C6-2B87-4D6E-ABD1-4A37318BFDBB}.Release|Any CPU.Build.0 = Release|Any CPU
		{9D5A18C6-2B87-4D6E-ABD1-4A37318BFDBB}.Release|x64.ActiveCfg = Release|Any CPU
		{9D5A18C6-2B87-4D6E-ABD1-4A37318BFDBB}.Release|x64.Build.0 = Release|Any CPU
		{9D5A18C6-2B87-4D6E-ABD1-4A37318BFDBB}.Release|x86.ActiveCfg = Release|Any CPU
		{9D5A18C6-2B87-4D6E-ABD1-4A37318BFDBB}.Release|x86.Build.0 = Release|Any CPU
		{EC33B905-8398-4BF6-BF81-01FF3D836AD1}.Debug|Any CPU.ActiveCfg = Debug|Any CPU
		{EC33B905-8398-4BF6-BF81-01FF3D836AD1}.Debug|Any CPU.Build.0 = Debug|Any CPU
		{EC33B905-8398-4BF6-BF81-01FF3D836AD1}.Debug|x64.ActiveCfg = Debug|Any CPU
		{EC33B905-8398-4BF6-BF81-01FF3D836AD1}.Debug|x64.Build.0 = Debug|Any CPU
		{EC33B905-8398-4BF6-BF81-01FF3D836AD1}.Debug|x86.ActiveCfg = Debug|Any CPU
		{EC33B905-8398-4BF6-BF81-01FF3D836AD1}.Debug|x86.Build.0 = Debug|Any CPU
		{EC33B905-8398-4BF6-BF81-01FF3D836AD1}.Release|Any CPU.ActiveCfg = Release|Any CPU
		{EC33B905-8398-4BF6-BF81-01FF3D836AD1}.Release|Any CPU.Build.0 = Release|Any CPU
		{EC33B905-8398-4BF6-BF81-01FF3D836AD1}.Release|x64.ActiveCfg = Release|Any CPU
		{EC33B905-8398-4BF6-BF81-01FF3D836AD1}.Release|x64.Build.0 = Release|Any CPU
		{EC33B905-8398-4BF6-BF81-01FF3D836AD1}.Release|x86.ActiveCfg = Release|Any CPU
		{EC33B905-8398-4BF6-BF81-01FF3D836AD1}.Release|x86.Build.0 = Release|Any CPU
	EndGlobalSection
EndGlobal
